
Microsoft Visual Studio Solution File, Format Version 12.00
# Visual Studio Version 17
VisualStudioVersion = 17.9.34607.119
MinimumVisualStudioVersion = 10.0.40219.1
Project("{FAE04EC0-301F-11D3-BF4B-00C04F79EFBC}") = "MigradorMaui", "MigradorMaui\MigradorMaui.csproj", "{A607E797-2625-45D8-9450-ABE7965C44D7}"
EndProject
Global
	GlobalSection(SolutionConfigurationPlatforms) = preSolution
		Debug|Any CPU = Debug|Any CPU
		Release|Any CPU = Release|Any CPU
	EndGlobalSection
	GlobalSection(ProjectConfigurationPlatforms) = postSolution
		{A607E797-2625-45D8-9450-ABE7965C44D7}.Debug|Any CPU.ActiveCfg = Debug|Any CPU
		{A607E797-2625-45D8-9450-ABE7965C44D7}.Debug|Any CPU.Build.0 = Debug|Any CPU
		{A607E797-2625-45D8-9450-ABE7965C44D7}.Release|Any CPU.ActiveCfg = Release|Any CPU
		{A607E797-2625-45D8-9450-ABE7965C44D7}.Release|Any CPU.Build.0 = Release|Any CPU
	EndGlobalSection
	GlobalSection(SolutionProperties) = preSolution
		HideSolutionNode = FALSE
	EndGlobalSection
	GlobalSection(ExtensibilityGlobals) = postSolution
		SolutionGuid = {2A1AD025-5EE4-4010-9E30-553F15F66969}
	EndGlobalSection
EndGlobal
